
Microsoft Visual Studio Solution File, Format Version 12.00
# Visual Studio Version 17
VisualStudioVersion = 17.7.34031.279
MinimumVisualStudioVersion = 10.0.40219.1
Project("{FAE04EC0-301F-11D3-BF4B-00C04F79EFBC}") = "mf-dev-backend", "mf-dev-backend\mf-dev-backend.csproj", "{C2EE79CE-EA8B-4D93-AD09-054FF517A31B}"
EndProject
Global
	GlobalSection(SolutionConfigurationPlatforms) = preSolution
		Debug|Any CPU = Debug|Any CPU
		Release|Any CPU = Release|Any CPU
	EndGlobalSection
	GlobalSection(ProjectConfigurationPlatforms) = postSolution
		{C2EE79CE-EA8B-4D93-AD09-054FF517A31B}.Debug|Any CPU.ActiveCfg = Debug|Any CPU
		{C2EE79CE-EA8B-4D93-AD09-054FF517A31B}.Debug|Any CPU.Build.0 = Debug|Any CPU
		{C2EE79CE-EA8B-4D93-AD09-054FF517A31B}.Release|Any CPU.ActiveCfg = Release|Any CPU
		{C2EE79CE-EA8B-4D93-AD09-054FF517A31B}.Release|Any CPU.Build.0 = Release|Any CPU
	EndGlobalSection
	GlobalSection(SolutionProperties) = preSolution
		HideSolutionNode = FALSE
	EndGlobalSection
	GlobalSection(ExtensibilityGlobals) = postSolution
		SolutionGuid = {5C3E72F9-E322-46C7-8F82-2152ED259527}
	EndGlobalSection
EndGlobal
